// !$*UTF8*$!
{
	archiveVersion = 1;
	classes = {
	};
	objectVersion = 46;
	objects = {

/* Begin PBXBuildFile section */
		024B5A02E938499B4F4E3D79 /* Pods_Plato.framework in Frameworks */ = {isa = PBXBuildFile; fileRef = 6562A287E2AB0BAB38F717A3 /* Pods_Plato.framework */; settings = {ATTRIBUTES = (Weak, ); }; };
		072B52B21B063C3500E702D1 /* PlatoApiService.swift in Sources */ = {isa = PBXBuildFile; fileRef = 072B52B11B063C3500E702D1 /* PlatoApiService.swift */; };
		077B01DE1B0639DF005C7BBB /* SignupViewController.swift in Sources */ = {isa = PBXBuildFile; fileRef = 077B01DD1B0639DF005C7BBB /* SignupViewController.swift */; };
		078435141AF1311500DB62FA /* libc++.dylib in Frameworks */ = {isa = PBXBuildFile; fileRef = 078435131AF1311500DB62FA /* libc++.dylib */; };
		0784351C1AF131B900DB62FA /* User.swift in Sources */ = {isa = PBXBuildFile; fileRef = 0784351B1AF131B900DB62FA /* User.swift */; };
		0784351E1AF1321900DB62FA /* Discussion.swift in Sources */ = {isa = PBXBuildFile; fileRef = 0784351D1AF1321900DB62FA /* Discussion.swift */; };
		078435201AF132F600DB62FA /* Message.swift in Sources */ = {isa = PBXBuildFile; fileRef = 0784351F1AF132F600DB62FA /* Message.swift */; };
		078435221AF1E99900DB62FA /* ViewExtensions.swift in Sources */ = {isa = PBXBuildFile; fileRef = 078435211AF1E99900DB62FA /* ViewExtensions.swift */; };
		07ADFA291AF7173100BBB8E0 /* Realm.framework in Frameworks */ = {isa = PBXBuildFile; fileRef = 07ADFA281AF7173100BBB8E0 /* Realm.framework */; };
		07ADFA2B1AF7173900BBB8E0 /* RLMSupport.swift in Sources */ = {isa = PBXBuildFile; fileRef = 07ADFA2A1AF7173900BBB8E0 /* RLMSupport.swift */; };
		07ADFA2D1AF71CA300BBB8E0 /* ContactTableViewCell.swift in Sources */ = {isa = PBXBuildFile; fileRef = 07ADFA2C1AF71CA300BBB8E0 /* ContactTableViewCell.swift */; };
		07DACF5B1AF32B5000AA06EF /* CreateDiscussionViewController.swift in Sources */ = {isa = PBXBuildFile; fileRef = 07DACF5A1AF32B5000AA06EF /* CreateDiscussionViewController.swift */; };
		07DACF5D1AF3358100AA06EF /* ChooseContactsViewController.swift in Sources */ = {isa = PBXBuildFile; fileRef = 07DACF5C1AF3358100AA06EF /* ChooseContactsViewController.swift */; };
		07DACF5F1AF33B0B00AA06EF /* NoAnimationPushSegue.swift in Sources */ = {isa = PBXBuildFile; fileRef = 07DACF5E1AF33B0B00AA06EF /* NoAnimationPushSegue.swift */; };
		07E24FEF1B02E28F00FD7DA5 /* LoginViewController.swift in Sources */ = {isa = PBXBuildFile; fileRef = 07E24FEE1B02E28F00FD7DA5 /* LoginViewController.swift */; };
		07E6B3691AF099E500CC2598 /* AppDelegate.swift in Sources */ = {isa = PBXBuildFile; fileRef = 07E6B3681AF099E500CC2598 /* AppDelegate.swift */; };
		07E6B36D1AF099E500CC2598 /* SecondViewController.swift in Sources */ = {isa = PBXBuildFile; fileRef = 07E6B36C1AF099E500CC2598 /* SecondViewController.swift */; };
		07E6B3701AF099E500CC2598 /* Main.storyboard in Resources */ = {isa = PBXBuildFile; fileRef = 07E6B36E1AF099E500CC2598 /* Main.storyboard */; };
		07E6B3721AF099E500CC2598 /* Images.xcassets in Resources */ = {isa = PBXBuildFile; fileRef = 07E6B3711AF099E500CC2598 /* Images.xcassets */; };
		07E6B3751AF099E500CC2598 /* LaunchScreen.xib in Resources */ = {isa = PBXBuildFile; fileRef = 07E6B3731AF099E500CC2598 /* LaunchScreen.xib */; };
		07E6B3811AF099E500CC2598 /* PlatoTests.swift in Sources */ = {isa = PBXBuildFile; fileRef = 07E6B3801AF099E500CC2598 /* PlatoTests.swift */; };
		07E6B38D1AF09CE000CC2598 /* DiscussionTableViewController.swift in Sources */ = {isa = PBXBuildFile; fileRef = 07E6B38C1AF09CE000CC2598 /* DiscussionTableViewController.swift */; };
		07E6B38F1AF09DA200CC2598 /* DiscussionTableViewCell.swift in Sources */ = {isa = PBXBuildFile; fileRef = 07E6B38E1AF09DA200CC2598 /* DiscussionTableViewCell.swift */; };
		07E7649F1AF86A8A00188E92 /* ContactPickerTextField.swift in Sources */ = {isa = PBXBuildFile; fileRef = 07E7649E1AF86A8A00188E92 /* ContactPickerTextField.swift */; };
/* End PBXBuildFile section */

/* Begin PBXContainerItemProxy section */
		07E6B37B1AF099E500CC2598 /* PBXContainerItemProxy */ = {
			isa = PBXContainerItemProxy;
			containerPortal = 07E6B35B1AF099E500CC2598 /* Project object */;
			proxyType = 1;
			remoteGlobalIDString = 07E6B3621AF099E500CC2598;
			remoteInfo = Plato;
		};
/* End PBXContainerItemProxy section */

/* Begin PBXFileReference section */
		072B52B11B063C3500E702D1 /* PlatoApiService.swift */ = {isa = PBXFileReference; fileEncoding = 4; lastKnownFileType = sourcecode.swift; path = PlatoApiService.swift; sourceTree = "<group>"; };
		077B01DD1B0639DF005C7BBB /* SignupViewController.swift */ = {isa = PBXFileReference; fileEncoding = 4; lastKnownFileType = sourcecode.swift; path = SignupViewController.swift; sourceTree = "<group>"; };
		078435131AF1311500DB62FA /* libc++.dylib */ = {isa = PBXFileReference; lastKnownFileType = "compiled.mach-o.dylib"; name = "libc++.dylib"; path = "usr/lib/libc++.dylib"; sourceTree = SDKROOT; };
		0784351B1AF131B900DB62FA /* User.swift */ = {isa = PBXFileReference; fileEncoding = 4; lastKnownFileType = sourcecode.swift; path = User.swift; sourceTree = "<group>"; };
		0784351D1AF1321900DB62FA /* Discussion.swift */ = {isa = PBXFileReference; fileEncoding = 4; lastKnownFileType = sourcecode.swift; path = Discussion.swift; sourceTree = "<group>"; };
		0784351F1AF132F600DB62FA /* Message.swift */ = {isa = PBXFileReference; fileEncoding = 4; lastKnownFileType = sourcecode.swift; path = Message.swift; sourceTree = "<group>"; };
		078435211AF1E99900DB62FA /* ViewExtensions.swift */ = {isa = PBXFileReference; fileEncoding = 4; lastKnownFileType = sourcecode.swift; path = ViewExtensions.swift; sourceTree = "<group>"; };
		07ADFA281AF7173100BBB8E0 /* Realm.framework */ = {isa = PBXFileReference; lastKnownFileType = wrapper.framework; path = Realm.framework; sourceTree = "<group>"; };
		07ADFA2A1AF7173900BBB8E0 /* RLMSupport.swift */ = {isa = PBXFileReference; fileEncoding = 4; lastKnownFileType = sourcecode.swift; path = RLMSupport.swift; sourceTree = "<group>"; };
		07ADFA2C1AF71CA300BBB8E0 /* ContactTableViewCell.swift */ = {isa = PBXFileReference; fileEncoding = 4; lastKnownFileType = sourcecode.swift; name = ContactTableViewCell.swift; path = ../../Plato/Plato/ContactTableViewCell.swift; sourceTree = "<group>"; };
		07DACF5A1AF32B5000AA06EF /* CreateDiscussionViewController.swift */ = {isa = PBXFileReference; fileEncoding = 4; lastKnownFileType = sourcecode.swift; path = CreateDiscussionViewController.swift; sourceTree = "<group>"; };
		07DACF5C1AF3358100AA06EF /* ChooseContactsViewController.swift */ = {isa = PBXFileReference; fileEncoding = 4; lastKnownFileType = sourcecode.swift; path = ChooseContactsViewController.swift; sourceTree = "<group>"; };
		07DACF5E1AF33B0B00AA06EF /* NoAnimationPushSegue.swift */ = {isa = PBXFileReference; fileEncoding = 4; lastKnownFileType = sourcecode.swift; path = NoAnimationPushSegue.swift; sourceTree = "<group>"; };
		07E24FEE1B02E28F00FD7DA5 /* LoginViewController.swift */ = {isa = PBXFileReference; fileEncoding = 4; lastKnownFileType = sourcecode.swift; path = LoginViewController.swift; sourceTree = "<group>"; };
		07E6B3631AF099E500CC2598 /* Plato.app */ = {isa = PBXFileReference; explicitFileType = wrapper.application; includeInIndex = 0; path = Plato.app; sourceTree = BUILT_PRODUCTS_DIR; };
		07E6B3671AF099E500CC2598 /* Info.plist */ = {isa = PBXFileReference; lastKnownFileType = text.plist.xml; path = Info.plist; sourceTree = "<group>"; };
		07E6B3681AF099E500CC2598 /* AppDelegate.swift */ = {isa = PBXFileReference; lastKnownFileType = sourcecode.swift; path = AppDelegate.swift; sourceTree = "<group>"; };
		07E6B36C1AF099E500CC2598 /* SecondViewController.swift */ = {isa = PBXFileReference; lastKnownFileType = sourcecode.swift; path = SecondViewController.swift; sourceTree = "<group>"; };
		07E6B36F1AF099E500CC2598 /* Base */ = {isa = PBXFileReference; lastKnownFileType = file.storyboard; name = Base; path = Base.lproj/Main.storyboard; sourceTree = "<group>"; };
		07E6B3711AF099E500CC2598 /* Images.xcassets */ = {isa = PBXFileReference; lastKnownFileType = folder.assetcatalog; path = Images.xcassets; sourceTree = "<group>"; };
		07E6B3741AF099E500CC2598 /* Base */ = {isa = PBXFileReference; lastKnownFileType = file.xib; name = Base; path = Base.lproj/LaunchScreen.xib; sourceTree = "<group>"; };
		07E6B37A1AF099E500CC2598 /* PlatoTests.xctest */ = {isa = PBXFileReference; explicitFileType = wrapper.cfbundle; includeInIndex = 0; path = PlatoTests.xctest; sourceTree = BUILT_PRODUCTS_DIR; };
		07E6B37F1AF099E500CC2598 /* Info.plist */ = {isa = PBXFileReference; lastKnownFileType = text.plist.xml; path = Info.plist; sourceTree = "<group>"; };
		07E6B3801AF099E500CC2598 /* PlatoTests.swift */ = {isa = PBXFileReference; lastKnownFileType = sourcecode.swift; path = PlatoTests.swift; sourceTree = "<group>"; };
		07E6B38C1AF09CE000CC2598 /* DiscussionTableViewController.swift */ = {isa = PBXFileReference; fileEncoding = 4; lastKnownFileType = sourcecode.swift; path = DiscussionTableViewController.swift; sourceTree = "<group>"; };
		07E6B38E1AF09DA200CC2598 /* DiscussionTableViewCell.swift */ = {isa = PBXFileReference; fileEncoding = 4; lastKnownFileType = sourcecode.swift; path = DiscussionTableViewCell.swift; sourceTree = "<group>"; };
		07E7649E1AF86A8A00188E92 /* ContactPickerTextField.swift */ = {isa = PBXFileReference; fileEncoding = 4; lastKnownFileType = sourcecode.swift; path = ContactPickerTextField.swift; sourceTree = "<group>"; };
		416BAE06307F4B760316170B /* Pods-Plato.release.xcconfig */ = {isa = PBXFileReference; includeInIndex = 1; lastKnownFileType = text.xcconfig; name = "Pods-Plato.release.xcconfig"; path = "Pods/Target Support Files/Pods-Plato/Pods-Plato.release.xcconfig"; sourceTree = "<group>"; };
		6562A287E2AB0BAB38F717A3 /* Pods_Plato.framework */ = {isa = PBXFileReference; explicitFileType = wrapper.framework; includeInIndex = 0; path = Pods_Plato.framework; sourceTree = BUILT_PRODUCTS_DIR; };
		7B479E48CD51E5E032879D0B /* Pods-Plato.debug.xcconfig */ = {isa = PBXFileReference; includeInIndex = 1; lastKnownFileType = text.xcconfig; name = "Pods-Plato.debug.xcconfig"; path = "Pods/Target Support Files/Pods-Plato/Pods-Plato.debug.xcconfig"; sourceTree = "<group>"; };
/* End PBXFileReference section */

/* Begin PBXFrameworksBuildPhase section */
		07E6B3601AF099E500CC2598 /* Frameworks */ = {
			isa = PBXFrameworksBuildPhase;
			buildActionMask = 2147483647;
			files = (
				07ADFA291AF7173100BBB8E0 /* Realm.framework in Frameworks */,
				078435141AF1311500DB62FA /* libc++.dylib in Frameworks */,
				024B5A02E938499B4F4E3D79 /* Pods_Plato.framework in Frameworks */,
			);
			runOnlyForDeploymentPostprocessing = 0;
		};
		07E6B3771AF099E500CC2598 /* Frameworks */ = {
			isa = PBXFrameworksBuildPhase;
			buildActionMask = 2147483647;
			files = (
			);
			runOnlyForDeploymentPostprocessing = 0;
		};
/* End PBXFrameworksBuildPhase section */

/* Begin PBXGroup section */
		077425861B024A4B00C45FDF /* logic */ = {
			isa = PBXGroup;
			children = (
				072B52B11B063C3500E702D1 /* PlatoApiService.swift */,
			);
			name = logic;
			sourceTree = "<group>";
		};
		078435171AF1313E00DB62FA /* controllers */ = {
			isa = PBXGroup;
			children = (
				077B01DD1B0639DF005C7BBB /* SignupViewController.swift */,
				07E24FEE1B02E28F00FD7DA5 /* LoginViewController.swift */,
				07E6B36C1AF099E500CC2598 /* SecondViewController.swift */,
				07DACF5A1AF32B5000AA06EF /* CreateDiscussionViewController.swift */,
				07E6B38C1AF09CE000CC2598 /* DiscussionTableViewController.swift */,
				07DACF5C1AF3358100AA06EF /* ChooseContactsViewController.swift */,
			);
			name = controllers;
			sourceTree = "<group>";
		};
		078435181AF1315800DB62FA /* views */ = {
			isa = PBXGroup;
			children = (
				07E6B38E1AF09DA200CC2598 /* DiscussionTableViewCell.swift */,
				078435211AF1E99900DB62FA /* ViewExtensions.swift */,
				07DACF5E1AF33B0B00AA06EF /* NoAnimationPushSegue.swift */,
				07ADFA2C1AF71CA300BBB8E0 /* ContactTableViewCell.swift */,
				07E7649E1AF86A8A00188E92 /* ContactPickerTextField.swift */,
			);
			name = views;
			sourceTree = "<group>";
		};
		078435191AF1316800DB62FA /* realm */ = {
			isa = PBXGroup;
			children = (
				078435131AF1311500DB62FA /* libc++.dylib */,
				07ADFA2A1AF7173900BBB8E0 /* RLMSupport.swift */,
				07ADFA281AF7173100BBB8E0 /* Realm.framework */,
			);
			name = realm;
			sourceTree = "<group>";
		};
		0784351A1AF1319000DB62FA /* models */ = {
			isa = PBXGroup;
			children = (
				0784351B1AF131B900DB62FA /* User.swift */,
				0784351D1AF1321900DB62FA /* Discussion.swift */,
				0784351F1AF132F600DB62FA /* Message.swift */,
			);
			name = models;
			sourceTree = "<group>";
		};
		07E6B35A1AF099E500CC2598 = {
			isa = PBXGroup;
			children = (
				07E6B3651AF099E500CC2598 /* Plato */,
				07E6B37D1AF099E500CC2598 /* PlatoTests */,
				07E6B3641AF099E500CC2598 /* Products */,
				A78E24A9DEEC00E337958E39 /* Pods */,
				3AC0C9FDA50FD54523F81794 /* Frameworks */,
			);
			sourceTree = "<group>";
		};
		07E6B3641AF099E500CC2598 /* Products */ = {
			isa = PBXGroup;
			children = (
				07E6B3631AF099E500CC2598 /* Plato.app */,
				07E6B37A1AF099E500CC2598 /* PlatoTests.xctest */,
			);
			name = Products;
			sourceTree = "<group>";
		};
		07E6B3651AF099E500CC2598 /* Plato */ = {
			isa = PBXGroup;
			children = (
				077425861B024A4B00C45FDF /* logic */,
				0784351A1AF1319000DB62FA /* models */,
				078435181AF1315800DB62FA /* views */,
				078435171AF1313E00DB62FA /* controllers */,
				07E6B3681AF099E500CC2598 /* AppDelegate.swift */,
				07E6B36E1AF099E500CC2598 /* Main.storyboard */,
				07E6B3711AF099E500CC2598 /* Images.xcassets */,
				07E6B3731AF099E500CC2598 /* LaunchScreen.xib */,
				078435191AF1316800DB62FA /* realm */,
				07E6B3661AF099E500CC2598 /* Supporting Files */,
			);
			path = Plato;
			sourceTree = "<group>";
		};
		07E6B3661AF099E500CC2598 /* Supporting Files */ = {
			isa = PBXGroup;
			children = (
				07E6B3671AF099E500CC2598 /* Info.plist */,
			);
			name = "Supporting Files";
			sourceTree = "<group>";
		};
		07E6B37D1AF099E500CC2598 /* PlatoTests */ = {
			isa = PBXGroup;
			children = (
				07E6B3801AF099E500CC2598 /* PlatoTests.swift */,
				07E6B37E1AF099E500CC2598 /* Supporting Files */,
			);
			path = PlatoTests;
			sourceTree = "<group>";
		};
		07E6B37E1AF099E500CC2598 /* Supporting Files */ = {
			isa = PBXGroup;
			children = (
				07E6B37F1AF099E500CC2598 /* Info.plist */,
			);
			name = "Supporting Files";
			sourceTree = "<group>";
		};
		3AC0C9FDA50FD54523F81794 /* Frameworks */ = {
			isa = PBXGroup;
			children = (
				6562A287E2AB0BAB38F717A3 /* Pods_Plato.framework */,
			);
			name = Frameworks;
			sourceTree = "<group>";
		};
		A78E24A9DEEC00E337958E39 /* Pods */ = {
			isa = PBXGroup;
			children = (
				7B479E48CD51E5E032879D0B /* Pods-Plato.debug.xcconfig */,
				416BAE06307F4B760316170B /* Pods-Plato.release.xcconfig */,
			);
			name = Pods;
			sourceTree = "<group>";
		};
/* End PBXGroup section */

/* Begin PBXNativeTarget section */
		07E6B3621AF099E500CC2598 /* Plato */ = {
			isa = PBXNativeTarget;
			buildConfigurationList = 07E6B3841AF099E500CC2598 /* Build configuration list for PBXNativeTarget "Plato" */;
			buildPhases = (
				CCCD624BF7BED71550EBA015 /* Check Pods Manifest.lock */,
				07E6B35F1AF099E500CC2598 /* Sources */,
				07E6B3601AF099E500CC2598 /* Frameworks */,
				07E6B3611AF099E500CC2598 /* Resources */,
				A9D1F33B8315014841F22FCF /* Copy Pods Resources */,
				8E3FB837EFFDDE48A5F1F4DB /* Embed Pods Frameworks */,
			);
			buildRules = (
			);
			dependencies = (
			);
			name = Plato;
			productName = Plato;
			productReference = 07E6B3631AF099E500CC2598 /* Plato.app */;
			productType = "com.apple.product-type.application";
		};
		07E6B3791AF099E500CC2598 /* PlatoTests */ = {
			isa = PBXNativeTarget;
			buildConfigurationList = 07E6B3871AF099E500CC2598 /* Build configuration list for PBXNativeTarget "PlatoTests" */;
			buildPhases = (
				07E6B3761AF099E500CC2598 /* Sources */,
				07E6B3771AF099E500CC2598 /* Frameworks */,
				07E6B3781AF099E500CC2598 /* Resources */,
			);
			buildRules = (
			);
			dependencies = (
				07E6B37C1AF099E500CC2598 /* PBXTargetDependency */,
			);
			name = PlatoTests;
			productName = PlatoTests;
			productReference = 07E6B37A1AF099E500CC2598 /* PlatoTests.xctest */;
			productType = "com.apple.product-type.bundle.unit-test";
		};
/* End PBXNativeTarget section */

/* Begin PBXProject section */
		07E6B35B1AF099E500CC2598 /* Project object */ = {
			isa = PBXProject;
			attributes = {
				LastUpgradeCheck = 0630;
				ORGANIZATIONNAME = com.platoapp;
				TargetAttributes = {
					07E6B3621AF099E500CC2598 = {
						CreatedOnToolsVersion = 6.3;
					};
					07E6B3791AF099E500CC2598 = {
						CreatedOnToolsVersion = 6.3;
						TestTargetID = 07E6B3621AF099E500CC2598;
					};
				};
			};
			buildConfigurationList = 07E6B35E1AF099E500CC2598 /* Build configuration list for PBXProject "Plato" */;
			compatibilityVersion = "Xcode 3.2";
			developmentRegion = English;
			hasScannedForEncodings = 0;
			knownRegions = (
				en,
				Base,
			);
			mainGroup = 07E6B35A1AF099E500CC2598;
			productRefGroup = 07E6B3641AF099E500CC2598 /* Products */;
			projectDirPath = "";
			projectRoot = "";
			targets = (
				07E6B3621AF099E500CC2598 /* Plato */,
				07E6B3791AF099E500CC2598 /* PlatoTests */,
			);
		};
/* End PBXProject section */

/* Begin PBXResourcesBuildPhase section */
		07E6B3611AF099E500CC2598 /* Resources */ = {
			isa = PBXResourcesBuildPhase;
			buildActionMask = 2147483647;
			files = (
				07E6B3701AF099E500CC2598 /* Main.storyboard in Resources */,
				07E6B3751AF099E500CC2598 /* LaunchScreen.xib in Resources */,
				07E6B3721AF099E500CC2598 /* Images.xcassets in Resources */,
			);
			runOnlyForDeploymentPostprocessing = 0;
		};
		07E6B3781AF099E500CC2598 /* Resources */ = {
			isa = PBXResourcesBuildPhase;
			buildActionMask = 2147483647;
			files = (
			);
			runOnlyForDeploymentPostprocessing = 0;
		};
/* End PBXResourcesBuildPhase section */

/* Begin PBXShellScriptBuildPhase section */
		8E3FB837EFFDDE48A5F1F4DB /* Embed Pods Frameworks */ = {
			isa = PBXShellScriptBuildPhase;
			buildActionMask = 2147483647;
			files = (
			);
			inputPaths = (
			);
			name = "Embed Pods Frameworks";
			outputPaths = (
			);
			runOnlyForDeploymentPostprocessing = 0;
			shellPath = /bin/sh;
			shellScript = "\"${SRCROOT}/Pods/Target Support Files/Pods-Plato/Pods-Plato-frameworks.sh\"\n";
			showEnvVarsInLog = 0;
		};
		A9D1F33B8315014841F22FCF /* Copy Pods Resources */ = {
			isa = PBXShellScriptBuildPhase;
			buildActionMask = 2147483647;
			files = (
			);
			inputPaths = (
			);
			name = "Copy Pods Resources";
			outputPaths = (
			);
			runOnlyForDeploymentPostprocessing = 0;
			shellPath = /bin/sh;
			shellScript = "\"${SRCROOT}/Pods/Target Support Files/Pods-Plato/Pods-Plato-resources.sh\"\n";
			showEnvVarsInLog = 0;
		};
		CCCD624BF7BED71550EBA015 /* Check Pods Manifest.lock */ = {
			isa = PBXShellScriptBuildPhase;
			buildActionMask = 2147483647;
			files = (
			);
			inputPaths = (
			);
			name = "Check Pods Manifest.lock";
			outputPaths = (
			);
			runOnlyForDeploymentPostprocessing = 0;
			shellPath = /bin/sh;
			shellScript = "diff \"${PODS_ROOT}/../Podfile.lock\" \"${PODS_ROOT}/Manifest.lock\" > /dev/null\nif [[ $? != 0 ]] ; then\n    cat << EOM\nerror: The sandbox is not in sync with the Podfile.lock. Run 'pod install' or update your CocoaPods installation.\nEOM\n    exit 1\nfi\n";
			showEnvVarsInLog = 0;
		};
/* End PBXShellScriptBuildPhase section */

/* Begin PBXSourcesBuildPhase section */
		07E6B35F1AF099E500CC2598 /* Sources */ = {
			isa = PBXSourcesBuildPhase;
			buildActionMask = 2147483647;
			files = (
				07ADFA2D1AF71CA300BBB8E0 /* ContactTableViewCell.swift in Sources */,
				07E6B36D1AF099E500CC2598 /* SecondViewController.swift in Sources */,
				07E6B3691AF099E500CC2598 /* AppDelegate.swift in Sources */,
				07DACF5B1AF32B5000AA06EF /* CreateDiscussionViewController.swift in Sources */,
				0784351C1AF131B900DB62FA /* User.swift in Sources */,
				0784351E1AF1321900DB62FA /* Discussion.swift in Sources */,
				07DACF5D1AF3358100AA06EF /* ChooseContactsViewController.swift in Sources */,
				078435221AF1E99900DB62FA /* ViewExtensions.swift in Sources */,
				07E7649F1AF86A8A00188E92 /* ContactPickerTextField.swift in Sources */,
				078435201AF132F600DB62FA /* Message.swift in Sources */,
				077B01DE1B0639DF005C7BBB /* SignupViewController.swift in Sources */,
				07E6B38D1AF09CE000CC2598 /* DiscussionTableViewController.swift in Sources */,
				07E24FEF1B02E28F00FD7DA5 /* LoginViewController.swift in Sources */,
				07ADFA2B1AF7173900BBB8E0 /* RLMSupport.swift in Sources */,
				072B52B21B063C3500E702D1 /* PlatoApiService.swift in Sources */,
				07E6B38F1AF09DA200CC2598 /* DiscussionTableViewCell.swift in Sources */,
				07DACF5F1AF33B0B00AA06EF /* NoAnimationPushSegue.swift in Sources */,
			);
			runOnlyForDeploymentPostprocessing = 0;
		};
		07E6B3761AF099E500CC2598 /* Sources */ = {
			isa = PBXSourcesBuildPhase;
			buildActionMask = 2147483647;
			files = (
				07E6B3811AF099E500CC2598 /* PlatoTests.swift in Sources */,
			);
			runOnlyForDeploymentPostprocessing = 0;
		};
/* End PBXSourcesBuildPhase section */

/* Begin PBXTargetDependency section */
		07E6B37C1AF099E500CC2598 /* PBXTargetDependency */ = {
			isa = PBXTargetDependency;
			target = 07E6B3621AF099E500CC2598 /* Plato */;
			targetProxy = 07E6B37B1AF099E500CC2598 /* PBXContainerItemProxy */;
		};
/* End PBXTargetDependency section */

/* Begin PBXVariantGroup section */
		07E6B36E1AF099E500CC2598 /* Main.storyboard */ = {
			isa = PBXVariantGroup;
			children = (
				07E6B36F1AF099E500CC2598 /* Base */,
			);
			name = Main.storyboard;
			sourceTree = "<group>";
		};
		07E6B3731AF099E500CC2598 /* LaunchScreen.xib */ = {
			isa = PBXVariantGroup;
			children = (
				07E6B3741AF099E500CC2598 /* Base */,
			);
			name = LaunchScreen.xib;
			sourceTree = "<group>";
		};
/* End PBXVariantGroup section */

/* Begin XCBuildConfiguration section */
		07E6B3821AF099E500CC2598 /* Debug */ = {
			isa = XCBuildConfiguration;
			buildSettings = {
				ALWAYS_SEARCH_USER_PATHS = NO;
				CLANG_CXX_LANGUAGE_STANDARD = "gnu++0x";
				CLANG_CXX_LIBRARY = "libc++";
				CLANG_ENABLE_MODULES = YES;
				CLANG_ENABLE_OBJC_ARC = YES;
				CLANG_WARN_BOOL_CONVERSION = YES;
				CLANG_WARN_CONSTANT_CONVERSION = YES;
				CLANG_WARN_DIRECT_OBJC_ISA_USAGE = YES_ERROR;
				CLANG_WARN_EMPTY_BODY = YES;
				CLANG_WARN_ENUM_CONVERSION = YES;
				CLANG_WARN_INT_CONVERSION = YES;
				CLANG_WARN_OBJC_ROOT_CLASS = YES_ERROR;
				CLANG_WARN_UNREACHABLE_CODE = YES;
				CLANG_WARN__DUPLICATE_METHOD_MATCH = YES;
				"CODE_SIGN_IDENTITY[sdk=iphoneos*]" = "iPhone Developer";
				COPY_PHASE_STRIP = NO;
				DEBUG_INFORMATION_FORMAT = "dwarf-with-dsym";
				ENABLE_STRICT_OBJC_MSGSEND = YES;
				GCC_C_LANGUAGE_STANDARD = gnu99;
				GCC_DYNAMIC_NO_PIC = NO;
				GCC_NO_COMMON_BLOCKS = YES;
				GCC_OPTIMIZATION_LEVEL = 0;
				GCC_PREPROCESSOR_DEFINITIONS = (
					"DEBUG=1",
					"$(inherited)",
				);
				GCC_SYMBOLS_PRIVATE_EXTERN = NO;
				GCC_WARN_64_TO_32_BIT_CONVERSION = YES;
				GCC_WARN_ABOUT_RETURN_TYPE = YES_ERROR;
				GCC_WARN_UNDECLARED_SELECTOR = YES;
				GCC_WARN_UNINITIALIZED_AUTOS = YES_AGGRESSIVE;
				GCC_WARN_UNUSED_FUNCTION = YES;
				GCC_WARN_UNUSED_VARIABLE = YES;
				IPHONEOS_DEPLOYMENT_TARGET = 8.3;
				MTL_ENABLE_DEBUG_INFO = YES;
				ONLY_ACTIVE_ARCH = YES;
				SDKROOT = iphoneos;
				SWIFT_OPTIMIZATION_LEVEL = "-Onone";
			};
			name = Debug;
		};
		07E6B3831AF099E500CC2598 /* Release */ = {
			isa = XCBuildConfiguration;
			buildSettings = {
				ALWAYS_SEARCH_USER_PATHS = NO;
				CLANG_CXX_LANGUAGE_STANDARD = "gnu++0x";
				CLANG_CXX_LIBRARY = "libc++";
				CLANG_ENABLE_MODULES = YES;
				CLANG_ENABLE_OBJC_ARC = YES;
				CLANG_WARN_BOOL_CONVERSION = YES;
				CLANG_WARN_CONSTANT_CONVERSION = YES;
				CLANG_WARN_DIRECT_OBJC_ISA_USAGE = YES_ERROR;
				CLANG_WARN_EMPTY_BODY = YES;
				CLANG_WARN_ENUM_CONVERSION = YES;
				CLANG_WARN_INT_CONVERSION = YES;
				CLANG_WARN_OBJC_ROOT_CLASS = YES_ERROR;
				CLANG_WARN_UNREACHABLE_CODE = YES;
				CLANG_WARN__DUPLICATE_METHOD_MATCH = YES;
				"CODE_SIGN_IDENTITY[sdk=iphoneos*]" = "iPhone Developer";
				COPY_PHASE_STRIP = NO;
				DEBUG_INFORMATION_FORMAT = "dwarf-with-dsym";
				ENABLE_NS_ASSERTIONS = NO;
				ENABLE_STRICT_OBJC_MSGSEND = YES;
				GCC_C_LANGUAGE_STANDARD = gnu99;
				GCC_NO_COMMON_BLOCKS = YES;
				GCC_WARN_64_TO_32_BIT_CONVERSION = YES;
				GCC_WARN_ABOUT_RETURN_TYPE = YES_ERROR;
				GCC_WARN_UNDECLARED_SELECTOR = YES;
				GCC_WARN_UNINITIALIZED_AUTOS = YES_AGGRESSIVE;
				GCC_WARN_UNUSED_FUNCTION = YES;
				GCC_WARN_UNUSED_VARIABLE = YES;
				IPHONEOS_DEPLOYMENT_TARGET = 8.3;
				MTL_ENABLE_DEBUG_INFO = NO;
				SDKROOT = iphoneos;
				VALIDATE_PRODUCT = YES;
			};
			name = Release;
		};
		07E6B3851AF099E500CC2598 /* Debug */ = {
			isa = XCBuildConfiguration;
			baseConfigurationReference = 7B479E48CD51E5E032879D0B /* Pods-Plato.debug.xcconfig */;
			buildSettings = {
				ASSETCATALOG_COMPILER_APPICON_NAME = AppIcon;
				FRAMEWORK_SEARCH_PATHS = (
					"$(inherited)",
					"/Users/eric/Downloads/realm-cocoa-0.91.3/ios",
					"$(PROJECT_DIR)/Plato",
					"$(PROJECT_DIR)",
				);
				INFOPLIST_FILE = Plato/Info.plist;
				LD_RUNPATH_SEARCH_PATHS = "$(inherited) @executable_path/Frameworks";
				PRODUCT_NAME = "$(TARGET_NAME)";
				SWIFT_INSTALL_OBJC_HEADER = NO;
				SWIFT_OBJC_BRIDGING_HEADER = "";
			};
			name = Debug;
		};
		07E6B3861AF099E500CC2598 /* Release */ = {
			isa = XCBuildConfiguration;
			baseConfigurationReference = 416BAE06307F4B760316170B /* Pods-Plato.release.xcconfig */;
			buildSettings = {
				ASSETCATALOG_COMPILER_APPICON_NAME = AppIcon;
				FRAMEWORK_SEARCH_PATHS = (
					"$(inherited)",
					"/Users/eric/Downloads/realm-cocoa-0.91.3/ios",
					"$(PROJECT_DIR)/Plato",
					"$(PROJECT_DIR)",
				);
				INFOPLIST_FILE = Plato/Info.plist;
				LD_RUNPATH_SEARCH_PATHS = "$(inherited) @executable_path/Frameworks";
				PRODUCT_NAME = "$(TARGET_NAME)";
				SWIFT_INSTALL_OBJC_HEADER = NO;
				SWIFT_OBJC_BRIDGING_HEADER = "";
			};
			name = Release;
		};
		07E6B3881AF099E500CC2598 /* Debug */ = {
			isa = XCBuildConfiguration;
			buildSettings = {
				BUNDLE_LOADER = "$(TEST_HOST)";
				FRAMEWORK_SEARCH_PATHS = (
					"$(SDKROOT)/Developer/Library/Frameworks",
					"$(inherited)",
				);
				GCC_PREPROCESSOR_DEFINITIONS = (
					"DEBUG=1",
					"$(inherited)",
				);
				INFOPLIST_FILE = PlatoTests/Info.plist;
				LD_RUNPATH_SEARCH_PATHS = "$(inherited) @executable_path/Frameworks @loader_path/Frameworks";
				PRODUCT_NAME = "$(TARGET_NAME)";
				TEST_HOST = "$(BUILT_PRODUCTS_DIR)/Plato.app/Plato";
			};
			name = Debug;
		};
		07E6B3891AF099E500CC2598 /* Release */ = {
			isa = XCBuildConfiguration;
			buildSettings = {
				BUNDLE_LOADER = "$(TEST_HOST)";
				FRAMEWORK_SEARCH_PATHS = (
					"$(SDKROOT)/Developer/Library/Frameworks",
					"$(inherited)",
				);
				INFOPLIST_FILE = PlatoTests/Info.plist;
				LD_RUNPATH_SEARCH_PATHS = "$(inherited) @executable_path/Frameworks @loader_path/Frameworks";
				PRODUCT_NAME = "$(TARGET_NAME)";
				TEST_HOST = "$(BUILT_PRODUCTS_DIR)/Plato.app/Plato";
			};
			name = Release;
		};
/* End XCBuildConfiguration section */

/* Begin XCConfigurationList section */
		07E6B35E1AF099E500CC2598 /* Build configuration list for PBXProject "Plato" */ = {
			isa = XCConfigurationList;
			buildConfigurations = (
				07E6B3821AF099E500CC2598 /* Debug */,
				07E6B3831AF099E500CC2598 /* Release */,
			);
			defaultConfigurationIsVisible = 0;
			defaultConfigurationName = Release;
		};
		07E6B3841AF099E500CC2598 /* Build configuration list for PBXNativeTarget "Plato" */ = {
			isa = XCConfigurationList;
			buildConfigurations = (
				07E6B3851AF099E500CC2598 /* Debug */,
				07E6B3861AF099E500CC2598 /* Release */,
			);
			defaultConfigurationIsVisible = 0;
			defaultConfigurationName = Release;
		};
		07E6B3871AF099E500CC2598 /* Build configuration list for PBXNativeTarget "PlatoTests" */ = {
			isa = XCConfigurationList;
			buildConfigurations = (
				07E6B3881AF099E500CC2598 /* Debug */,
				07E6B3891AF099E500CC2598 /* Release */,
			);
			defaultConfigurationIsVisible = 0;
			defaultConfigurationName = Release;
		};
/* End XCConfigurationList section */
	};
	rootObject = 07E6B35B1AF099E500CC2598 /* Project object */;
}
